// !$*UTF8*$!
{
	archiveVersion = 1;
	classes = {
	};
	objectVersion = 55;
	objects = {

/* Begin PBXBuildFile section */
		EF0B064328CA21A900A13980 /* AppDelegate.swift in Sources */ = {isa = PBXBuildFile; fileRef = EF0B064228CA21A900A13980 /* AppDelegate.swift */; };
		EF0B064528CA21A900A13980 /* SceneDelegate.swift in Sources */ = {isa = PBXBuildFile; fileRef = EF0B064428CA21A900A13980 /* SceneDelegate.swift */; };
		EF0B064728CA21A900A13980 /* ViewController.swift in Sources */ = {isa = PBXBuildFile; fileRef = EF0B064628CA21A900A13980 /* ViewController.swift */; };
		EF0B064A28CA21A900A13980 /* Main.storyboard in Resources */ = {isa = PBXBuildFile; fileRef = EF0B064828CA21A900A13980 /* Main.storyboard */; };
		EF0B064C28CA21AA00A13980 /* Assets.xcassets in Resources */ = {isa = PBXBuildFile; fileRef = EF0B064B28CA21AA00A13980 /* Assets.xcassets */; };
		EF0B064F28CA21AA00A13980 /* LaunchScreen.storyboard in Resources */ = {isa = PBXBuildFile; fileRef = EF0B064D28CA21AA00A13980 /* LaunchScreen.storyboard */; };
		EF0B065A28CA21AA00A13980 /* Head_first_OOADTests.swift in Sources */ = {isa = PBXBuildFile; fileRef = EF0B065928CA21AA00A13980 /* Head_first_OOADTests.swift */; };
		EF0B066428CA21AA00A13980 /* Head_first_OOADUITests.swift in Sources */ = {isa = PBXBuildFile; fileRef = EF0B066328CA21AA00A13980 /* Head_first_OOADUITests.swift */; };
		EF0B066628CA21AA00A13980 /* Head_first_OOADUITestsLaunchTests.swift in Sources */ = {isa = PBXBuildFile; fileRef = EF0B066528CA21AA00A13980 /* Head_first_OOADUITestsLaunchTests.swift */; };
		EF0B067328CA21FA00A13980 /* Guitars.swift in Sources */ = {isa = PBXBuildFile; fileRef = EF0B067228CA21FA00A13980 /* Guitars.swift */; };
/* End PBXBuildFile section */

/* Begin PBXContainerItemProxy section */
		EF0B065628CA21AA00A13980 /* PBXContainerItemProxy */ = {
			isa = PBXContainerItemProxy;
			containerPortal = EF0B063728CA21A900A13980 /* Project object */;
			proxyType = 1;
			remoteGlobalIDString = EF0B063E28CA21A900A13980;
			remoteInfo = "Head first OOAD";
		};
		EF0B066028CA21AA00A13980 /* PBXContainerItemProxy */ = {
			isa = PBXContainerItemProxy;
			containerPortal = EF0B063728CA21A900A13980 /* Project object */;
			proxyType = 1;
			remoteGlobalIDString = EF0B063E28CA21A900A13980;
			remoteInfo = "Head first OOAD";
		};
/* End PBXContainerItemProxy section */

/* Begin PBXFileReference section */
		EF0B063F28CA21A900A13980 /* Head first OOAD.app */ = {isa = PBXFileReference; explicitFileType = wrapper.application; includeInIndex = 0; path = "Head first OOAD.app"; sourceTree = BUILT_PRODUCTS_DIR; };
		EF0B064228CA21A900A13980 /* AppDelegate.swift */ = {isa = PBXFileReference; lastKnownFileType = sourcecode.swift; path = AppDelegate.swift; sourceTree = "<group>"; };
		EF0B064428CA21A900A13980 /* SceneDelegate.swift */ = {isa = PBXFileReference; lastKnownFileType = sourcecode.swift; path = SceneDelegate.swift; sourceTree = "<group>"; };
		EF0B064628CA21A900A13980 /* ViewController.swift */ = {isa = PBXFileReference; lastKnownFileType = sourcecode.swift; path = ViewController.swift; sourceTree = "<group>"; };
		EF0B064928CA21A900A13980 /* Base */ = {isa = PBXFileReference; lastKnownFileType = file.storyboard; name = Base; path = Base.lproj/Main.storyboard; sourceTree = "<group>"; };
		EF0B064B28CA21AA00A13980 /* Assets.xcassets */ = {isa = PBXFileReference; lastKnownFileType = folder.assetcatalog; path = Assets.xcassets; sourceTree = "<group>"; };
		EF0B064E28CA21AA00A13980 /* Base */ = {isa = PBXFileReference; lastKnownFileType = file.storyboard; name = Base; path = Base.lproj/LaunchScreen.storyboard; sourceTree = "<group>"; };
		EF0B065028CA21AA00A13980 /* Info.plist */ = {isa = PBXFileReference; lastKnownFileType = text.plist.xml; path = Info.plist; sourceTree = "<group>"; };
		EF0B065528CA21AA00A13980 /* Head first OOADTests.xctest */ = {isa = PBXFileReference; explicitFileType = wrapper.cfbundle; includeInIndex = 0; path = "Head first OOADTests.xctest"; sourceTree = BUILT_PRODUCTS_DIR; };
		EF0B065928CA21AA00A13980 /* Head_first_OOADTests.swift */ = {isa = PBXFileReference; lastKnownFileType = sourcecode.swift; path = Head_first_OOADTests.swift; sourceTree = "<group>"; };
		EF0B065F28CA21AA00A13980 /* Head first OOADUITests.xctest */ = {isa = PBXFileReference; explicitFileType = wrapper.cfbundle; includeInIndex = 0; path = "Head first OOADUITests.xctest"; sourceTree = BUILT_PRODUCTS_DIR; };
		EF0B066328CA21AA00A13980 /* Head_first_OOADUITests.swift */ = {isa = PBXFileReference; lastKnownFileType = sourcecode.swift; path = Head_first_OOADUITests.swift; sourceTree = "<group>"; };
		EF0B066528CA21AA00A13980 /* Head_first_OOADUITestsLaunchTests.swift */ = {isa = PBXFileReference; lastKnownFileType = sourcecode.swift; path = Head_first_OOADUITestsLaunchTests.swift; sourceTree = "<group>"; };
		EF0B067228CA21FA00A13980 /* Guitars.swift */ = {isa = PBXFileReference; lastKnownFileType = sourcecode.swift; path = Guitars.swift; sourceTree = "<group>"; };
/* End PBXFileReference section */

/* Begin PBXFrameworksBuildPhase section */
		EF0B063C28CA21A900A13980 /* Frameworks */ = {
			isa = PBXFrameworksBuildPhase;
			buildActionMask = 2147483647;
			files = (
			);
			runOnlyForDeploymentPostprocessing = 0;
		};
		EF0B065228CA21AA00A13980 /* Frameworks */ = {
			isa = PBXFrameworksBuildPhase;
			buildActionMask = 2147483647;
			files = (
			);
			runOnlyForDeploymentPostprocessing = 0;
		};
		EF0B065C28CA21AA00A13980 /* Frameworks */ = {
			isa = PBXFrameworksBuildPhase;
			buildActionMask = 2147483647;
			files = (
			);
			runOnlyForDeploymentPostprocessing = 0;
		};
/* End PBXFrameworksBuildPhase section */

/* Begin PBXGroup section */
		EF0B063628CA21A900A13980 = {
			isa = PBXGroup;
			children = (
				EF0B064128CA21A900A13980 /* Head first OOAD */,
				EF0B065828CA21AA00A13980 /* Head first OOADTests */,
				EF0B066228CA21AA00A13980 /* Head first OOADUITests */,
				EF0B064028CA21A900A13980 /* Products */,
			);
			sourceTree = "<group>";
		};
		EF0B064028CA21A900A13980 /* Products */ = {
			isa = PBXGroup;
			children = (
				EF0B063F28CA21A900A13980 /* Head first OOAD.app */,
				EF0B065528CA21AA00A13980 /* Head first OOADTests.xctest */,
				EF0B065F28CA21AA00A13980 /* Head first OOADUITests.xctest */,
			);
			name = Products;
			sourceTree = "<group>";
		};
		EF0B064128CA21A900A13980 /* Head first OOAD */ = {
			isa = PBXGroup;
			children = (
				EF0B064228CA21A900A13980 /* AppDelegate.swift */,
				EF0B064428CA21A900A13980 /* SceneDelegate.swift */,
				EF0B064628CA21A900A13980 /* ViewController.swift */,
				EF0B064828CA21A900A13980 /* Main.storyboard */,
				EF0B064B28CA21AA00A13980 /* Assets.xcassets */,
				EF0B064D28CA21AA00A13980 /* LaunchScreen.storyboard */,
				EF0B065028CA21AA00A13980 /* Info.plist */,
				EF0B067228CA21FA00A13980 /* Guitars.swift */,
			);
			path = "Head first OOAD";
			sourceTree = "<group>";
		};
		EF0B065828CA21AA00A13980 /* Head first OOADTests */ = {
			isa = PBXGroup;
			children = (
				EF0B065928CA21AA00A13980 /* Head_first_OOADTests.swift */,
			);
			path = "Head first OOADTests";
			sourceTree = "<group>";
		};
		EF0B066228CA21AA00A13980 /* Head first OOADUITests */ = {
			isa = PBXGroup;
			children = (
				EF0B066328CA21AA00A13980 /* Head_first_OOADUITests.swift */,
				EF0B066528CA21AA00A13980 /* Head_first_OOADUITestsLaunchTests.swift */,
			);
			path = "Head first OOADUITests";
			sourceTree = "<group>";
		};
/* End PBXGroup section */

/* Begin PBXNativeTarget section */
		EF0B063E28CA21A900A13980 /* Head first OOAD */ = {
			isa = PBXNativeTarget;
			buildConfigurationList = EF0B066928CA21AA00A13980 /* Build configuration list for PBXNativeTarget "Head first OOAD" */;
			buildPhases = (
				EF0B063B28CA21A900A13980 /* Sources */,
				EF0B063C28CA21A900A13980 /* Frameworks */,
				EF0B063D28CA21A900A13980 /* Resources */,
			);
			buildRules = (
			);
			dependencies = (
			);
			name = "Head first OOAD";
			productName = "Head first OOAD";
			productReference = EF0B063F28CA21A900A13980 /* Head first OOAD.app */;
			productType = "com.apple.product-type.application";
		};
		EF0B065428CA21AA00A13980 /* Head first OOADTests */ = {
			isa = PBXNativeTarget;
			buildConfigurationList = EF0B066C28CA21AA00A13980 /* Build configuration list for PBXNativeTarget "Head first OOADTests" */;
			buildPhases = (
				EF0B065128CA21AA00A13980 /* Sources */,
				EF0B065228CA21AA00A13980 /* Frameworks */,
				EF0B065328CA21AA00A13980 /* Resources */,
			);
			buildRules = (
			);
			dependencies = (
				EF0B065728CA21AA00A13980 /* PBXTargetDependency */,
			);
			name = "Head first OOADTests";
			productName = "Head first OOADTests";
			productReference = EF0B065528CA21AA00A13980 /* Head first OOADTests.xctest */;
			productType = "com.apple.product-type.bundle.unit-test";
		};
		EF0B065E28CA21AA00A13980 /* Head first OOADUITests */ = {
			isa = PBXNativeTarget;
			buildConfigurationList = EF0B066F28CA21AA00A13980 /* Build configuration list for PBXNativeTarget "Head first OOADUITests" */;
			buildPhases = (
				EF0B065B28CA21AA00A13980 /* Sources */,
				EF0B065C28CA21AA00A13980 /* Frameworks */,
				EF0B065D28CA21AA00A13980 /* Resources */,
			);
			buildRules = (
			);
			dependencies = (
				EF0B066128CA21AA00A13980 /* PBXTargetDependency */,
			);
			name = "Head first OOADUITests";
			productName = "Head first OOADUITests";
			productReference = EF0B065F28CA21AA00A13980 /* Head first OOADUITests.xctest */;
			productType = "com.apple.product-type.bundle.ui-testing";
		};
/* End PBXNativeTarget section */

/* Begin PBXProject section */
		EF0B063728CA21A900A13980 /* Project object */ = {
			isa = PBXProject;
			attributes = {
				BuildIndependentTargetsInParallel = 1;
				LastSwiftUpdateCheck = 1340;
				LastUpgradeCheck = 1340;
				TargetAttributes = {
					EF0B063E28CA21A900A13980 = {
						CreatedOnToolsVersion = 13.4.1;
					};
					EF0B065428CA21AA00A13980 = {
						CreatedOnToolsVersion = 13.4.1;
						TestTargetID = EF0B063E28CA21A900A13980;
					};
					EF0B065E28CA21AA00A13980 = {
						CreatedOnToolsVersion = 13.4.1;
						TestTargetID = EF0B063E28CA21A900A13980;
					};
				};
			};
			buildConfigurationList = EF0B063A28CA21A900A13980 /* Build configuration list for PBXProject "Head first OOAD" */;
			compatibilityVersion = "Xcode 13.0";
			developmentRegion = en;
			hasScannedForEncodings = 0;
			knownRegions = (
				en,
				Base,
			);
			mainGroup = EF0B063628CA21A900A13980;
			productRefGroup = EF0B064028CA21A900A13980 /* Products */;
			projectDirPath = "";
			projectRoot = "";
			targets = (
				EF0B063E28CA21A900A13980 /* Head first OOAD */,
				EF0B065428CA21AA00A13980 /* Head first OOADTests */,
				EF0B065E28CA21AA00A13980 /* Head first OOADUITests */,
			);
		};
/* End PBXProject section */

/* Begin PBXResourcesBuildPhase section */
		EF0B063D28CA21A900A13980 /* Resources */ = {
			isa = PBXResourcesBuildPhase;
			buildActionMask = 2147483647;
			files = (
				EF0B064F28CA21AA00A13980 /* LaunchScreen.storyboard in Resources */,
				EF0B064C28CA21AA00A13980 /* Assets.xcassets in Resources */,
				EF0B064A28CA21A900A13980 /* Main.storyboard in Resources */,
			);
			runOnlyForDeploymentPostprocessing = 0;
		};
		EF0B065328CA21AA00A13980 /* Resources */ = {
			isa = PBXResourcesBuildPhase;
			buildActionMask = 2147483647;
			files = (
			);
			runOnlyForDeploymentPostprocessing = 0;
		};
		EF0B065D28CA21AA00A13980 /* Resources */ = {
			isa = PBXResourcesBuildPhase;
			buildActionMask = 2147483647;
			files = (
			);
			runOnlyForDeploymentPostprocessing = 0;
		};
/* End PBXResourcesBuildPhase section */

/* Begin PBXSourcesBuildPhase section */
		EF0B063B28CA21A900A13980 /* Sources */ = {
			isa = PBXSourcesBuildPhase;
			buildActionMask = 2147483647;
			files = (
				EF0B064728CA21A900A13980 /* ViewController.swift in Sources */,
				EF0B064328CA21A900A13980 /* AppDelegate.swift in Sources */,
				EF0B064528CA21A900A13980 /* SceneDelegate.swift in Sources */,
				EF0B067328CA21FA00A13980 /* Guitars.swift in Sources */,
			);
			runOnlyForDeploymentPostprocessing = 0;
		};
		EF0B065128CA21AA00A13980 /* Sources */ = {
			isa = PBXSourcesBuildPhase;
			buildActionMask = 2147483647;
			files = (
				EF0B065A28CA21AA00A13980 /* Head_first_OOADTests.swift in Sources */,
			);
			runOnlyForDeploymentPostprocessing = 0;
		};
		EF0B065B28CA21AA00A13980 /* Sources */ = {
			isa = PBXSourcesBuildPhase;
			buildActionMask = 2147483647;
			files = (
				EF0B066628CA21AA00A13980 /* Head_first_OOADUITestsLaunchTests.swift in Sources */,
				EF0B066428CA21AA00A13980 /* Head_first_OOADUITests.swift in Sources */,
			);
			runOnlyForDeploymentPostprocessing = 0;
		};
/* End PBXSourcesBuildPhase section */

/* Begin PBXTargetDependency section */
		EF0B065728CA21AA00A13980 /* PBXTargetDependency */ = {
			isa = PBXTargetDependency;
			target = EF0B063E28CA21A900A13980 /* Head first OOAD */;
			targetProxy = EF0B065628CA21AA00A13980 /* PBXContainerItemProxy */;
		};
		EF0B066128CA21AA00A13980 /* PBXTargetDependency */ = {
			isa = PBXTargetDependency;
			target = EF0B063E28CA21A900A13980 /* Head first OOAD */;
			targetProxy = EF0B066028CA21AA00A13980 /* PBXContainerItemProxy */;
		};
/* End PBXTargetDependency section */

/* Begin PBXVariantGroup section */
		EF0B064828CA21A900A13980 /* Main.storyboard */ = {
			isa = PBXVariantGroup;
			children = (
				EF0B064928CA21A900A13980 /* Base */,
			);
			name = Main.storyboard;
			sourceTree = "<group>";
		};
		EF0B064D28CA21AA00A13980 /* LaunchScreen.storyboard */ = {
			isa = PBXVariantGroup;
			children = (
				EF0B064E28CA21AA00A13980 /* Base */,
			);
			name = LaunchScreen.storyboard;
			sourceTree = "<group>";
		};
/* End PBXVariantGroup section */

/* Begin XCBuildConfiguration section */
		EF0B066728CA21AA00A13980 /* Debug */ = {
			isa = XCBuildConfiguration;
			buildSettings = {
				ALWAYS_SEARCH_USER_PATHS = NO;
				CLANG_ANALYZER_NONNULL = YES;
				CLANG_ANALYZER_NUMBER_OBJECT_CONVERSION = YES_AGGRESSIVE;
				CLANG_CXX_LANGUAGE_STANDARD = "gnu++17";
				CLANG_ENABLE_MODULES = YES;
				CLANG_ENABLE_OBJC_ARC = YES;
				CLANG_ENABLE_OBJC_WEAK = YES;
				CLANG_WARN_BLOCK_CAPTURE_AUTORELEASING = YES;
				CLANG_WARN_BOOL_CONVERSION = YES;
				CLANG_WARN_COMMA = YES;
				CLANG_WARN_CONSTANT_CONVERSION = YES;
				CLANG_WARN_DEPRECATED_OBJC_IMPLEMENTATIONS = YES;
				CLANG_WARN_DIRECT_OBJC_ISA_USAGE = YES_ERROR;
				CLANG_WARN_DOCUMENTATION_COMMENTS = YES;
				CLANG_WARN_EMPTY_BODY = YES;
				CLANG_WARN_ENUM_CONVERSION = YES;
				CLANG_WARN_INFINITE_RECURSION = YES;
				CLANG_WARN_INT_CONVERSION = YES;
				CLANG_WARN_NON_LITERAL_NULL_CONVERSION = YES;
				CLANG_WARN_OBJC_IMPLICIT_RETAIN_SELF = YES;
				CLANG_WARN_OBJC_LITERAL_CONVERSION = YES;
				CLANG_WARN_OBJC_ROOT_CLASS = YES_ERROR;
				CLANG_WARN_QUOTED_INCLUDE_IN_FRAMEWORK_HEADER = YES;
				CLANG_WARN_RANGE_LOOP_ANALYSIS = YES;
				CLANG_WARN_STRICT_PROTOTYPES = YES;
				CLANG_WARN_SUSPICIOUS_MOVE = YES;
				CLANG_WARN_UNGUARDED_AVAILABILITY = YES_AGGRESSIVE;
				CLANG_WARN_UNREACHABLE_CODE = YES;
				CLANG_WARN__DUPLICATE_METHOD_MATCH = YES;
				COPY_PHASE_STRIP = NO;
				DEBUG_INFORMATION_FORMAT = dwarf;
				ENABLE_STRICT_OBJC_MSGSEND = YES;
				ENABLE_TESTABILITY = YES;
				GCC_C_LANGUAGE_STANDARD = gnu11;
				GCC_DYNAMIC_NO_PIC = NO;
				GCC_NO_COMMON_BLOCKS = YES;
				GCC_OPTIMIZATION_LEVEL = 0;
				GCC_PREPROCESSOR_DEFINITIONS = (
					"DEBUG=1",
					"$(inherited)",
				);
				GCC_WARN_64_TO_32_BIT_CONVERSION = YES;
				GCC_WARN_ABOUT_RETURN_TYPE = YES_ERROR;
				GCC_WARN_UNDECLARED_SELECTOR = YES;
				GCC_WARN_UNINITIALIZED_AUTOS = YES_AGGRESSIVE;
				GCC_WARN_UNUSED_FUNCTION = YES;
				GCC_WARN_UNUSED_VARIABLE = YES;
				IPHONEOS_DEPLOYMENT_TARGET = 15.5;
				MTL_ENABLE_DEBUG_INFO = INCLUDE_SOURCE;
				MTL_FAST_MATH = YES;
				ONLY_ACTIVE_ARCH = YES;
				SDKROOT = iphoneos;
				SWIFT_ACTIVE_COMPILATION_CONDITIONS = DEBUG;
				SWIFT_OPTIMIZATION_LEVEL = "-Onone";
			};
			name = Debug;
		};
		EF0B066828CA21AA00A13980 /* Release */ = {
			isa = XCBuildConfiguration;
			buildSettings = {
				ALWAYS_SEARCH_USER_PATHS = NO;
				CLANG_ANALYZER_NONNULL = YES;
				CLANG_ANALYZER_NUMBER_OBJECT_CONVERSION = YES_AGGRESSIVE;
				CLANG_CXX_LANGUAGE_STANDARD = "gnu++17";
				CLANG_ENABLE_MODULES = YES;
				CLANG_ENABLE_OBJC_ARC = YES;
				CLANG_ENABLE_OBJC_WEAK = YES;
				CLANG_WARN_BLOCK_CAPTURE_AUTORELEASING = YES;
				CLANG_WARN_BOOL_CONVERSION = YES;
				CLANG_WARN_COMMA = YES;
				CLANG_WARN_CONSTANT_CONVERSION = YES;
				CLANG_WARN_DEPRECATED_OBJC_IMPLEMENTATIONS = YES;
				CLANG_WARN_DIRECT_OBJC_ISA_USAGE = YES_ERROR;
				CLANG_WARN_DOCUMENTATION_COMMENTS = YES;
				CLANG_WARN_EMPTY_BODY = YES;
				CLANG_WARN_ENUM_CONVERSION = YES;
				CLANG_WARN_INFINITE_RECURSION = YES;
				CLANG_WARN_INT_CONVERSION = YES;
				CLANG_WARN_NON_LITERAL_NULL_CONVERSION = YES;
				CLANG_WARN_OBJC_IMPLICIT_RETAIN_SELF = YES;
				CLANG_WARN_OBJC_LITERAL_CONVERSION = YES;
				CLANG_WARN_OBJC_ROOT_CLASS = YES_ERROR;
				CLANG_WARN_QUOTED_INCLUDE_IN_FRAMEWORK_HEADER = YES;
				CLANG_WARN_RANGE_LOOP_ANALYSIS = YES;
				CLANG_WARN_STRICT_PROTOTYPES = YES;
				CLANG_WARN_SUSPICIOUS_MOVE = YES;
				CLANG_WARN_UNGUARDED_AVAILABILITY = YES_AGGRESSIVE;
				CLANG_WARN_UNREACHABLE_CODE = YES;
				CLANG_WARN__DUPLICATE_METHOD_MATCH = YES;
				COPY_PHASE_STRIP = NO;
				DEBUG_INFORMATION_FORMAT = "dwarf-with-dsym";
				ENABLE_NS_ASSERTIONS = NO;
				ENABLE_STRICT_OBJC_MSGSEND = YES;
				GCC_C_LANGUAGE_STANDARD = gnu11;
				GCC_NO_COMMON_BLOCKS = YES;
				GCC_WARN_64_TO_32_BIT_CONVERSION = YES;
				GCC_WARN_ABOUT_RETURN_TYPE = YES_ERROR;
				GCC_WARN_UNDECLARED_SELECTOR = YES;
				GCC_WARN_UNINITIALIZED_AUTOS = YES_AGGRESSIVE;
				GCC_WARN_UNUSED_FUNCTION = YES;
				GCC_WARN_UNUSED_VARIABLE = YES;
				IPHONEOS_DEPLOYMENT_TARGET = 15.5;
				MTL_ENABLE_DEBUG_INFO = NO;
				MTL_FAST_MATH = YES;
				SDKROOT = iphoneos;
				SWIFT_COMPILATION_MODE = wholemodule;
				SWIFT_OPTIMIZATION_LEVEL = "-O";
				VALIDATE_PRODUCT = YES;
			};
			name = Release;
		};
		EF0B066A28CA21AA00A13980 /* Debug */ = {
			isa = XCBuildConfiguration;
			buildSettings = {
				ASSETCATALOG_COMPILER_APPICON_NAME = AppIcon;
				ASSETCATALOG_COMPILER_GLOBAL_ACCENT_COLOR_NAME = AccentColor;
				CODE_SIGN_STYLE = Automatic;
				CURRENT_PROJECT_VERSION = 1;
				DEVELOPMENT_TEAM = 35CLP9DGBY;
				GENERATE_INFOPLIST_FILE = YES;
				INFOPLIST_FILE = "Head first OOAD/Info.plist";
				INFOPLIST_KEY_UIApplicationSupportsIndirectInputEvents = YES;
				INFOPLIST_KEY_UILaunchStoryboardName = LaunchScreen;
				INFOPLIST_KEY_UIMainStoryboardFile = Main;
				INFOPLIST_KEY_UISupportedInterfaceOrientations_iPad = "UIInterfaceOrientationPortrait UIInterfaceOrientationPortraitUpsideDown UIInterfaceOrientationLandscapeLeft UIInterfaceOrientationLandscapeRight";
				INFOPLIST_KEY_UISupportedInterfaceOrientations_iPhone = "UIInterfaceOrientationPortrait UIInterfaceOrientationLandscapeLeft UIInterfaceOrientationLandscapeRight";
				LD_RUNPATH_SEARCH_PATHS = (
					"$(inherited)",
					"@executable_path/Frameworks",
				);
				MARKETING_VERSION = 1.0;
				PRODUCT_BUNDLE_IDENTIFIER = "com.myself.mid.Head-first-OOAD";
				PRODUCT_NAME = "$(TARGET_NAME)";
				SWIFT_EMIT_LOC_STRINGS = YES;
				SWIFT_VERSION = 5.0;
				TARGETED_DEVICE_FAMILY = "1,2";
			};
			name = Debug;
		};
		EF0B066B28CA21AA00A13980 /* Release */ = {
			isa = XCBuildConfiguration;
			buildSettings = {
				ASSETCATALOG_COMPILER_APPICON_NAME = AppIcon;
				ASSETCATALOG_COMPILER_GLOBAL_ACCENT_COLOR_NAME = AccentColor;
				CODE_SIGN_STYLE = Automatic;
				CURRENT_PROJECT_VERSION = 1;
				DEVELOPMENT_TEAM = 35CLP9DGBY;
				GENERATE_INFOPLIST_FILE = YES;
				INFOPLIST_FILE = "Head first OOAD/Info.plist";
				INFOPLIST_KEY_UIApplicationSupportsIndirectInputEvents = YES;
				INFOPLIST_KEY_UILaunchStoryboardName = LaunchScreen;
				INFOPLIST_KEY_UIMainStoryboardFile = Main;
				INFOPLIST_KEY_UISupportedInterfaceOrientations_iPad = "UIInterfaceOrientationPortrait UIInterfaceOrientationPortraitUpsideDown UIInterfaceOrientationLandscapeLeft UIInterfaceOrientationLandscapeRight";
				INFOPLIST_KEY_UISupportedInterfaceOrientations_iPhone = "UIInterfaceOrientationPortrait UIInterfaceOrientationLandscapeLeft UIInterfaceOrientationLandscapeRight";
				LD_RUNPATH_SEARCH_PATHS = (
					"$(inherited)",
					"@executable_path/Frameworks",
				);
				MARKETING_VERSION = 1.0;
				PRODUCT_BUNDLE_IDENTIFIER = "com.myself.mid.Head-first-OOAD";
				PRODUCT_NAME = "$(TARGET_NAME)";
				SWIFT_EMIT_LOC_STRINGS = YES;
				SWIFT_VERSION = 5.0;
				TARGETED_DEVICE_FAMILY = "1,2";
			};
			name = Release;
		};
		EF0B066D28CA21AA00A13980 /* Debug */ = {
			isa = XCBuildConfiguration;
			buildSettings = {
				ALWAYS_EMBED_SWIFT_STANDARD_LIBRARIES = YES;
				BUNDLE_LOADER = "$(TEST_HOST)";
				CODE_SIGN_STYLE = Automatic;
				CURRENT_PROJECT_VERSION = 1;
				DEVELOPMENT_TEAM = 35CLP9DGBY;
				GENERATE_INFOPLIST_FILE = YES;
				IPHONEOS_DEPLOYMENT_TARGET = 15.5;
				MARKETING_VERSION = 1.0;
				PRODUCT_BUNDLE_IDENTIFIER = "com.myself.mid.Head-first-OOADTests";
				PRODUCT_NAME = "$(TARGET_NAME)";
				SWIFT_EMIT_LOC_STRINGS = NO;
				SWIFT_VERSION = 5.0;
				TARGETED_DEVICE_FAMILY = "1,2";
				TEST_HOST = "$(BUILT_PRODUCTS_DIR)/Head first OOAD.app/Head first OOAD";
			};
			name = Debug;
		};
		EF0B066E28CA21AA00A13980 /* Release */ = {
			isa = XCBuildConfiguration;
			buildSettings = {
				ALWAYS_EMBED_SWIFT_STANDARD_LIBRARIES = YES;
				BUNDLE_LOADER = "$(TEST_HOST)";
				CODE_SIGN_STYLE = Automatic;
				CURRENT_PROJECT_VERSION = 1;
				DEVELOPMENT_TEAM = 35CLP9DGBY;
				GENERATE_INFOPLIST_FILE = YES;
				IPHONEOS_DEPLOYMENT_TARGET = 15.5;
				MARKETING_VERSION = 1.0;
				PRODUCT_BUNDLE_IDENTIFIER = "com.myself.mid.Head-first-OOADTests";
				PRODUCT_NAME = "$(TARGET_NAME)";
				SWIFT_EMIT_LOC_STRINGS = NO;
				SWIFT_VERSION = 5.0;
				TARGETED_DEVICE_FAMILY = "1,2";
				TEST_HOST = "$(BUILT_PRODUCTS_DIR)/Head first OOAD.app/Head first OOAD";
			};
			name = Release;
		};
		EF0B067028CA21AA00A13980 /* Debug */ = {
			isa = XCBuildConfiguration;
			buildSettings = {
				ALWAYS_EMBED_SWIFT_STANDARD_LIBRARIES = YES;
				CODE_SIGN_STYLE = Automatic;
				CURRENT_PROJECT_VERSION = 1;
				DEVELOPMENT_TEAM = 35CLP9DGBY;
				GENERATE_INFOPLIST_FILE = YES;
				MARKETING_VERSION = 1.0;
				PRODUCT_BUNDLE_IDENTIFIER = "com.myself.mid.Head-first-OOADUITests";
				PRODUCT_NAME = "$(TARGET_NAME)";
				SWIFT_EMIT_LOC_STRINGS = NO;
				SWIFT_VERSION = 5.0;
				TARGETED_DEVICE_FAMILY = "1,2";
				TEST_TARGET_NAME = "Head first OOAD";
			};
			name = Debug;
		};
		EF0B067128CA21AA00A13980 /* Release */ = {
			isa = XCBuildConfiguration;
			buildSettings = {
				ALWAYS_EMBED_SWIFT_STANDARD_LIBRARIES = YES;
				CODE_SIGN_STYLE = Automatic;
				CURRENT_PROJECT_VERSION = 1;
				DEVELOPMENT_TEAM = 35CLP9DGBY;
				GENERATE_INFOPLIST_FILE = YES;
				MARKETING_VERSION = 1.0;
				PRODUCT_BUNDLE_IDENTIFIER = "com.myself.mid.Head-first-OOADUITests";
				PRODUCT_NAME = "$(TARGET_NAME)";
				SWIFT_EMIT_LOC_STRINGS = NO;
				SWIFT_VERSION = 5.0;
				TARGETED_DEVICE_FAMILY = "1,2";
				TEST_TARGET_NAME = "Head first OOAD";
			};
			name = Release;
		};
/* End XCBuildConfiguration section */

/* Begin XCConfigurationList section */
		EF0B063A28CA21A900A13980 /* Build configuration list for PBXProject "Head first OOAD" */ = {
			isa = XCConfigurationList;
			buildConfigurations = (
				EF0B066728CA21AA00A13980 /* Debug */,
				EF0B066828CA21AA00A13980 /* Release */,
			);
			defaultConfigurationIsVisible = 0;
			defaultConfigurationName = Release;
		};
		EF0B066928CA21AA00A13980 /* Build configuration list for PBXNativeTarget "Head first OOAD" */ = {
			isa = XCConfigurationList;
			buildConfigurations = (
				EF0B066A28CA21AA00A13980 /* Debug */,
				EF0B066B28CA21AA00A13980 /* Release */,
			);
			defaultConfigurationIsVisible = 0;
			defaultConfigurationName = Release;
		};
		EF0B066C28CA21AA00A13980 /* Build configuration list for PBXNativeTarget "Head first OOADTests" */ = {
			isa = XCConfigurationList;
			buildConfigurations = (
				EF0B066D28CA21AA00A13980 /* Debug */,
				EF0B066E28CA21AA00A13980 /* Release */,
			);
			defaultConfigurationIsVisible = 0;
			defaultConfigurationName = Release;
		};
		EF0B066F28CA21AA00A13980 /* Build configuration list for PBXNativeTarget "Head first OOADUITests" */ = {
			isa = XCConfigurationList;
			buildConfigurations = (
				EF0B067028CA21AA00A13980 /* Debug */,
				EF0B067128CA21AA00A13980 /* Release */,
			);
			defaultConfigurationIsVisible = 0;
			defaultConfigurationName = Release;
		};
/* End XCConfigurationList section */
	};
	rootObject = EF0B063728CA21A900A13980 /* Project object */;
}
